
Microsoft Visual Studio Solution File, Format Version 12.00
# Visual Studio Version 17
VisualStudioVersion = 17.3.32929.385
MinimumVisualStudioVersion = 10.0.40219.1
Project("{2150E333-8FDC-42A3-9474-1A3956D46DE8}") = "Host", "Host", "{7C2585E7-09FF-4F95-A709-0E746CDCD0A1}"
EndProject
Project("{2150E333-8FDC-42A3-9474-1A3956D46DE8}") = "Modules", "Modules", "{CDF2AAFD-25B4-4F45-A38A-812F45564B29}"
EndProject
Project("{2150E333-8FDC-42A3-9474-1A3956D46DE8}") = "Products", "Products", "{1F03AF2C-0D4C-4DAF-B556-97FA746B063F}"
EndProject
Project("{2150E333-8FDC-42A3-9474-1A3956D46DE8}") = "Categories", "Categories", "{5CA5462A-8640-475D-8256-704522BFEE11}"
EndProject
Project("{2150E333-8FDC-42A3-9474-1A3956D46DE8}") = "Brands", "Brands", "{3D601BCB-B139-473B-BC7B-0DB79862B1B1}"
EndProject
Project("{2150E333-8FDC-42A3-9474-1A3956D46DE8}") = "Shared", "Shared", "{67900920-BBD8-4FC9-B568-50A2E26BD096}"
EndProject
Project("{9A19103F-16F7-4668-BE54-9A1E7A4F7556}") = "Module.Brands", "src\Module.Brands\Module.Brands.csproj", "{183663E3-D1C5-40DC-8997-533B997C160C}"
EndProject
Project("{9A19103F-16F7-4668-BE54-9A1E7A4F7556}") = "Module.Brands.Core", "src\Module.Brands.Core\Module.Brands.Core.csproj", "{2838453F-56F3-494C-B3EB-18C353653438}"
EndProject
Project("{9A19103F-16F7-4668-BE54-9A1E7A4F7556}") = "Module.Brands.Infrastructure", "src\Module.Brands.Infrastructure\Module.Brands.Infrastructure.csproj", "{7E2E7B16-6B00-4B62-A5C0-1FDC3D36FB67}"
EndProject
Project("{9A19103F-16F7-4668-BE54-9A1E7A4F7556}") = "Module.Categories", "src\Module.Categories\Module.Categories.csproj", "{C690C549-C1FB-46E0-BC45-82575112AF1F}"
EndProject
Project("{9A19103F-16F7-4668-BE54-9A1E7A4F7556}") = "Module.Categories.Core", "src\Module.Categories.Core\Module.Categories.Core.csproj", "{2584E61B-8D24-4B84-9D1F-F6B3CA8FE800}"
EndProject
Project("{9A19103F-16F7-4668-BE54-9A1E7A4F7556}") = "Module.Categories.Infrastructure", "src\Module.Categories.Infrastructure\Module.Categories.Infrastructure.csproj", "{93B79353-3F48-43FE-B70C-8C51A8044842}"
EndProject
Project("{9A19103F-16F7-4668-BE54-9A1E7A4F7556}") = "Module.Products", "src\Module.Products\Module.Products.csproj", "{A3249240-BCD7-47A1-ADE8-6FC928A85EA5}"
EndProject
Project("{9A19103F-16F7-4668-BE54-9A1E7A4F7556}") = "Module.Products.Core", "src\Module.Products.Core\Module.Products.Core.csproj", "{D893FF1B-E0A4-4C2A-9F1B-B8B1EA9E1E63}"
EndProject
Project("{9A19103F-16F7-4668-BE54-9A1E7A4F7556}") = "Api", "src\Api\Api.csproj", "{1C42A197-E1A0-4F9F-8C2D-9419F2AD8E65}"
EndProject
Project("{9A19103F-16F7-4668-BE54-9A1E7A4F7556}") = "Module.Products.Infrastructure", "src\Module.Products.Infrastructure\Module.Products.Infrastructure.csproj", "{2D834EA0-CD79-4F1F-813E-C4AB14A90770}"
EndProject
Project("{9A19103F-16F7-4668-BE54-9A1E7A4F7556}") = "Shared.Core", "src\Shared.Core\Shared.Core.csproj", "{0FD3D3F5-B9A9-4226-9DA6-2737FE47FE5F}"
EndProject
Project("{9A19103F-16F7-4668-BE54-9A1E7A4F7556}") = "Shared.Infrastructure", "src\Shared.Infrastructure\Shared.Infrastructure.csproj", "{C4468427-0367-481E-A54B-9E04AFD89282}"
EndProject
Project("{9A19103F-16F7-4668-BE54-9A1E7A4F7556}") = "Shared.Models", "src\Shared.Models\Shared.Models.csproj", "{D2159767-B7ED-49F8-9829-9D50B599EE51}"
EndProject
Project("{2150E333-8FDC-42A3-9474-1A3956D46DE8}") = "Tests", "Tests", "{80AB5DA2-B3DA-4761-9604-A8133B1AAD1D}"
EndProject
Project("{9A19103F-16F7-4668-BE54-9A1E7A4F7556}") = "Tests.Module.Brands", "tests\Tests.Module.Brands\Tests.Module.Brands.csproj", "{E6512034-B74A-4FF0-9802-ED58217BFECC}"
EndProject
Project("{9A19103F-16F7-4668-BE54-9A1E7A4F7556}") = "Tests.Module.Categories", "tests\Tests.Module.Categories\Tests.Module.Categories.csproj", "{F17B1BD6-EF97-4044-A839-F9CE086896D1}"
EndProject
Project("{9A19103F-16F7-4668-BE54-9A1E7A4F7556}") = "Tests.Module.Products", "tests\Tests.Module.Products\Tests.Module.Products.csproj", "{12115074-1DDF-4319-A1D3-B5B7B6286180}"
EndProject
Global
	GlobalSection(SolutionConfigurationPlatforms) = preSolution
		Debug|Any CPU = Debug|Any CPU
		Release|Any CPU = Release|Any CPU
	EndGlobalSection
	GlobalSection(ProjectConfigurationPlatforms) = postSolution
		{183663E3-D1C5-40DC-8997-533B997C160C}.Debug|Any CPU.ActiveCfg = Debug|Any CPU
		{183663E3-D1C5-40DC-8997-533B997C160C}.Debug|Any CPU.Build.0 = Debug|Any CPU
		{183663E3-D1C5-40DC-8997-533B997C160C}.Release|Any CPU.ActiveCfg = Release|Any CPU
		{183663E3-D1C5-40DC-8997-533B997C160C}.Release|Any CPU.Build.0 = Release|Any CPU
		{2838453F-56F3-494C-B3EB-18C353653438}.Debug|Any CPU.ActiveCfg = Debug|Any CPU
		{2838453F-56F3-494C-B3EB-18C353653438}.Debug|Any CPU.Build.0 = Debug|Any CPU
		{2838453F-56F3-494C-B3EB-18C353653438}.Release|Any CPU.ActiveCfg = Release|Any CPU
		{2838453F-56F3-494C-B3EB-18C353653438}.Release|Any CPU.Build.0 = Release|Any CPU
		{7E2E7B16-6B00-4B62-A5C0-1FDC3D36FB67}.Debug|Any CPU.ActiveCfg = Debug|Any CPU
		{7E2E7B16-6B00-4B62-A5C0-1FDC3D36FB67}.Debug|Any CPU.Build.0 = Debug|Any CPU
		{7E2E7B16-6B00-4B62-A5C0-1FDC3D36FB67}.Release|Any CPU.ActiveCfg = Release|Any CPU
		{7E2E7B16-6B00-4B62-A5C0-1FDC3D36FB67}.Release|Any CPU.Build.0 = Release|Any CPU
		{C690C549-C1FB-46E0-BC45-82575112AF1F}.Debug|Any CPU.ActiveCfg = Debug|Any CPU
		{C690C549-C1FB-46E0-BC45-82575112AF1F}.Debug|Any CPU.Build.0 = Debug|Any CPU
		{C690C549-C1FB-46E0-BC45-82575112AF1F}.Release|Any CPU.ActiveCfg = Release|Any CPU
		{C690C549-C1FB-46E0-BC45-82575112AF1F}.Release|Any CPU.Build.0 = Release|Any CPU
		{2584E61B-8D24-4B84-9D1F-F6B3CA8FE800}.Debug|Any CPU.ActiveCfg = Debug|Any CPU
		{2584E61B-8D24-4B84-9D1F-F6B3CA8FE800}.Debug|Any CPU.Build.0 = Debug|Any CPU
		{2584E61B-8D24-4B84-9D1F-F6B3CA8FE800}.Release|Any CPU.ActiveCfg = Release|Any CPU
		{2584E61B-8D24-4B84-9D1F-F6B3CA8FE800}.Release|Any CPU.Build.0 = Release|Any CPU
		{93B79353-3F48-43FE-B70C-8C51A8044842}.Debug|Any CPU.ActiveCfg = Debug|Any CPU
		{93B79353-3F48-43FE-B70C-8C51A8044842}.Debug|Any CPU.Build.0 = Debug|Any CPU
		{93B79353-3F48-43FE-B70C-8C51A8044842}.Release|Any CPU.ActiveCfg = Release|Any CPU
		{93B79353-3F48-43FE-B70C-8C51A8044842}.Release|Any CPU.Build.0 = Release|Any CPU
		{A3249240-BCD7-47A1-ADE8-6FC928A85EA5}.Debug|Any CPU.ActiveCfg = Debug|Any CPU
		{A3249240-BCD7-47A1-ADE8-6FC928A85EA5}.Debug|Any CPU.Build.0 = Debug|Any CPU
		{A3249240-BCD7-47A1-ADE8-6FC928A85EA5}.Release|Any CPU.ActiveCfg = Release|Any CPU
		{A3249240-BCD7-47A1-ADE8-6FC928A85EA5}.Release|Any CPU.Build.0 = Release|Any CPU
		{D893FF1B-E0A4-4C2A-9F1B-B8B1EA9E1E63}.Debug|Any CPU.ActiveCfg = Debug|Any CPU
		{D893FF1B-E0A4-4C2A-9F1B-B8B1EA9E1E63}.Debug|Any CPU.Build.0 = Debug|Any CPU
		{D893FF1B-E0A4-4C2A-9F1B-B8B1EA9E1E63}.Release|Any CPU.ActiveCfg = Release|Any CPU
		{D893FF1B-E0A4-4C2A-9F1B-B8B1EA9E1E63}.Release|Any CPU.Build.0 = Release|Any CPU
		{1C42A197-E1A0-4F9F-8C2D-9419F2AD8E65}.Debug|Any CPU.ActiveCfg = Debug|Any CPU
		{1C42A197-E1A0-4F9F-8C2D-9419F2AD8E65}.Debug|Any CPU.Build.0 = Debug|Any CPU
		{1C42A197-E1A0-4F9F-8C2D-9419F2AD8E65}.Release|Any CPU.ActiveCfg = Release|Any CPU
		{1C42A197-E1A0-4F9F-8C2D-9419F2AD8E65}.Release|Any CPU.Build.0 = Release|Any CPU
		{2D834EA0-CD79-4F1F-813E-C4AB14A90770}.Debug|Any CPU.ActiveCfg = Debug|Any CPU
		{2D834EA0-CD79-4F1F-813E-C4AB14A90770}.Debug|Any CPU.Build.0 = Debug|Any CPU
		{2D834EA0-CD79-4F1F-813E-C4AB14A90770}.Release|Any CPU.ActiveCfg = Release|Any CPU
		{2D834EA0-CD79-4F1F-813E-C4AB14A90770}.Release|Any CPU.Build.0 = Release|Any CPU
		{0FD3D3F5-B9A9-4226-9DA6-2737FE47FE5F}.Debug|Any CPU.ActiveCfg = Debug|Any CPU
		{0FD3D3F5-B9A9-4226-9DA6-2737FE47FE5F}.Debug|Any CPU.Build.0 = Debug|Any CPU
		{0FD3D3F5-B9A9-4226-9DA6-2737FE47FE5F}.Release|Any CPU.ActiveCfg = Release|Any CPU
		{0FD3D3F5-B9A9-4226-9DA6-2737FE47FE5F}.Release|Any CPU.Build.0 = Release|Any CPU
		{C4468427-0367-481E-A54B-9E04AFD89282}.Debug|Any CPU.ActiveCfg = Debug|Any CPU
		{C4468427-0367-481E-A54B-9E04AFD89282}.Debug|Any CPU.Build.0 = Debug|Any CPU
		{C4468427-0367-481E-A54B-9E04AFD89282}.Release|Any CPU.ActiveCfg = Release|Any CPU
		{C4468427-0367-481E-A54B-9E04AFD89282}.Release|Any CPU.Build.0 = Release|Any CPU
		{D2159767-B7ED-49F8-9829-9D50B599EE51}.Debug|Any CPU.ActiveCfg = Debug|Any CPU
		{D2159767-B7ED-49F8-9829-9D50B599EE51}.Debug|Any CPU.Build.0 = Debug|Any CPU
		{D2159767-B7ED-49F8-9829-9D50B599EE51}.Release|Any CPU.ActiveCfg = Release|Any CPU
		{D2159767-B7ED-49F8-9829-9D50B599EE51}.Release|Any CPU.Build.0 = Release|Any CPU
		{E6512034-B74A-4FF0-9802-ED58217BFECC}.Debug|Any CPU.ActiveCfg = Debug|Any CPU
		{E6512034-B74A-4FF0-9802-ED58217BFECC}.Debug|Any CPU.Build.0 = Debug|Any CPU
		{E6512034-B74A-4FF0-9802-ED58217BFECC}.Release|Any CPU.ActiveCfg = Release|Any CPU
		{E6512034-B74A-4FF0-9802-ED58217BFECC}.Release|Any CPU.Build.0 = Release|Any CPU
		{F17B1BD6-EF97-4044-A839-F9CE086896D1}.Debug|Any CPU.ActiveCfg = Debug|Any CPU
		{F17B1BD6-EF97-4044-A839-F9CE086896D1}.Debug|Any CPU.Build.0 = Debug|Any CPU
		{F17B1BD6-EF97-4044-A839-F9CE086896D1}.Release|Any CPU.ActiveCfg = Release|Any CPU
		{F17B1BD6-EF97-4044-A839-F9CE086896D1}.Release|Any CPU.Build.0 = Release|Any CPU
		{12115074-1DDF-4319-A1D3-B5B7B6286180}.Debug|Any CPU.ActiveCfg = Debug|Any CPU
		{12115074-1DDF-4319-A1D3-B5B7B6286180}.Debug|Any CPU.Build.0 = Debug|Any CPU
		{12115074-1DDF-4319-A1D3-B5B7B6286180}.Release|Any CPU.ActiveCfg = Release|Any CPU
		{12115074-1DDF-4319-A1D3-B5B7B6286180}.Release|Any CPU.Build.0 = Release|Any CPU
	EndGlobalSection
	GlobalSection(SolutionProperties) = preSolution
		HideSolutionNode = FALSE
	EndGlobalSection
	GlobalSection(NestedProjects) = preSolution
		{1F03AF2C-0D4C-4DAF-B556-97FA746B063F} = {CDF2AAFD-25B4-4F45-A38A-812F45564B29}
		{5CA5462A-8640-475D-8256-704522BFEE11} = {CDF2AAFD-25B4-4F45-A38A-812F45564B29}
		{3D601BCB-B139-473B-BC7B-0DB79862B1B1} = {CDF2AAFD-25B4-4F45-A38A-812F45564B29}
		{183663E3-D1C5-40DC-8997-533B997C160C} = {3D601BCB-B139-473B-BC7B-0DB79862B1B1}
		{2838453F-56F3-494C-B3EB-18C353653438} = {3D601BCB-B139-473B-BC7B-0DB79862B1B1}
		{7E2E7B16-6B00-4B62-A5C0-1FDC3D36FB67} = {3D601BCB-B139-473B-BC7B-0DB79862B1B1}
		{C690C549-C1FB-46E0-BC45-82575112AF1F} = {5CA5462A-8640-475D-8256-704522BFEE11}
		{2584E61B-8D24-4B84-9D1F-F6B3CA8FE800} = {5CA5462A-8640-475D-8256-704522BFEE11}
		{93B79353-3F48-43FE-B70C-8C51A8044842} = {5CA5462A-8640-475D-8256-704522BFEE11}
		{A3249240-BCD7-47A1-ADE8-6FC928A85EA5} = {1F03AF2C-0D4C-4DAF-B556-97FA746B063F}
		{D893FF1B-E0A4-4C2A-9F1B-B8B1EA9E1E63} = {1F03AF2C-0D4C-4DAF-B556-97FA746B063F}
		{1C42A197-E1A0-4F9F-8C2D-9419F2AD8E65} = {7C2585E7-09FF-4F95-A709-0E746CDCD0A1}
		{2D834EA0-CD79-4F1F-813E-C4AB14A90770} = {1F03AF2C-0D4C-4DAF-B556-97FA746B063F}
		{0FD3D3F5-B9A9-4226-9DA6-2737FE47FE5F} = {67900920-BBD8-4FC9-B568-50A2E26BD096}
		{C4468427-0367-481E-A54B-9E04AFD89282} = {67900920-BBD8-4FC9-B568-50A2E26BD096}
		{D2159767-B7ED-49F8-9829-9D50B599EE51} = {67900920-BBD8-4FC9-B568-50A2E26BD096}
		{E6512034-B74A-4FF0-9802-ED58217BFECC} = {80AB5DA2-B3DA-4761-9604-A8133B1AAD1D}
		{F17B1BD6-EF97-4044-A839-F9CE086896D1} = {80AB5DA2-B3DA-4761-9604-A8133B1AAD1D}
		{12115074-1DDF-4319-A1D3-B5B7B6286180} = {80AB5DA2-B3DA-4761-9604-A8133B1AAD1D}
	EndGlobalSection
	GlobalSection(ExtensibilityGlobals) = postSolution
		SolutionGuid = {86D9CC02-2F96-47DD-A105-5E3D1F281F20}
	EndGlobalSection
EndGlobal
