
Microsoft Visual Studio Solution File, Format Version 12.00
# Visual Studio Version 17
VisualStudioVersion = 17.3.32929.385
MinimumVisualStudioVersion = 10.0.40219.1
Project("{2150E333-8FDC-42A3-9474-1A3956D46DE8}") = "Host", "Host", "{7C2585E7-09FF-4F95-A709-0E746CDCD0A1}"
EndProject
Project("{FAE04EC0-301F-11D3-BF4B-00C04F79EFBC}") = "Api", "Api\Api.csproj", "{7D39460B-8F6D-47EE-8B2A-250E45025818}"
EndProject
Project("{2150E333-8FDC-42A3-9474-1A3956D46DE8}") = "Modules", "Modules", "{CDF2AAFD-25B4-4F45-A38A-812F45564B29}"
EndProject
Project("{2150E333-8FDC-42A3-9474-1A3956D46DE8}") = "Products", "Products", "{1F03AF2C-0D4C-4DAF-B556-97FA746B063F}"
EndProject
Project("{2150E333-8FDC-42A3-9474-1A3956D46DE8}") = "Categories", "Categories", "{5CA5462A-8640-475D-8256-704522BFEE11}"
EndProject
Project("{2150E333-8FDC-42A3-9474-1A3956D46DE8}") = "Brands", "Brands", "{3D601BCB-B139-473B-BC7B-0DB79862B1B1}"
EndProject
Project("{FAE04EC0-301F-11D3-BF4B-00C04F79EFBC}") = "Module.Brands", "Module.Brands\Module.Brands.csproj", "{9B7B0C02-7263-47B9-A6E2-45FE5F6C2527}"
EndProject
Project("{FAE04EC0-301F-11D3-BF4B-00C04F79EFBC}") = "Module.Brands.Core", "Module.Brands.Core\Module.Brands.Core.csproj", "{51A0DD48-86A7-45EA-9243-A95F95881AD4}"
EndProject
Project("{FAE04EC0-301F-11D3-BF4B-00C04F79EFBC}") = "Module.Brands.Infrastructure", "Module.Brands.Infrastructure\Module.Brands.Infrastructure.csproj", "{3AF87774-F043-400D-819E-8B45CF7A8EB2}"
EndProject
Project("{FAE04EC0-301F-11D3-BF4B-00C04F79EFBC}") = "Module.Categories", "Module.Categories\Module.Categories.csproj", "{99A7D04A-CDB6-4822-9623-ACFA836432FF}"
EndProject
Project("{FAE04EC0-301F-11D3-BF4B-00C04F79EFBC}") = "Module.Categories.Core", "Module.Categories.Core\Module.Categories.Core.csproj", "{FE024AD1-2A44-4899-8319-4C112788192C}"
EndProject
Project("{FAE04EC0-301F-11D3-BF4B-00C04F79EFBC}") = "Module.Categories.Infrastructure", "Module.Categories.Infrastructure\Module.Categories.Infrastructure.csproj", "{E74D0BC8-6124-4D2C-A095-CEA34C9812F5}"
EndProject
Project("{FAE04EC0-301F-11D3-BF4B-00C04F79EFBC}") = "Module.Products", "Module.Products\Module.Products.csproj", "{8C5A4BA8-C9D0-45DE-9BDB-86528B7BFB5D}"
EndProject
Project("{FAE04EC0-301F-11D3-BF4B-00C04F79EFBC}") = "Module.Products.Core", "Module.Products.Core\Module.Products.Core.csproj", "{6CEFFA6B-80FE-4E14-9CFE-701E292F4B1C}"
EndProject
Project("{FAE04EC0-301F-11D3-BF4B-00C04F79EFBC}") = "Module.Products.Infrastructure", "Module.Products.Infrastructure\Module.Products.Infrastructure.csproj", "{6D6FB307-8B6B-430E-99A6-6C0595AEDAF6}"
EndProject
Project("{2150E333-8FDC-42A3-9474-1A3956D46DE8}") = "Shared", "Shared", "{67900920-BBD8-4FC9-B568-50A2E26BD096}"
EndProject
Project("{FAE04EC0-301F-11D3-BF4B-00C04F79EFBC}") = "Shared.Core", "Shared.Core\Shared.Core.csproj", "{348F595A-CD3D-40B4-8025-DC605F883A94}"
EndProject
Project("{FAE04EC0-301F-11D3-BF4B-00C04F79EFBC}") = "Shared.Infrastructure", "Shared.Infrastructure\Shared.Infrastructure.csproj", "{9A56C438-4C94-4748-81D6-7635256E466C}"
EndProject
Project("{FAE04EC0-301F-11D3-BF4B-00C04F79EFBC}") = "Shared.Models", "Shared.Models\Shared.Models.csproj", "{7CACF546-50E2-4C50-BE82-6610E1A7344A}"
EndProject
Global
	GlobalSection(SolutionConfigurationPlatforms) = preSolution
		Debug|Any CPU = Debug|Any CPU
		Release|Any CPU = Release|Any CPU
	EndGlobalSection
	GlobalSection(ProjectConfigurationPlatforms) = postSolution
		{7D39460B-8F6D-47EE-8B2A-250E45025818}.Debug|Any CPU.ActiveCfg = Debug|Any CPU
		{7D39460B-8F6D-47EE-8B2A-250E45025818}.Debug|Any CPU.Build.0 = Debug|Any CPU
		{7D39460B-8F6D-47EE-8B2A-250E45025818}.Release|Any CPU.ActiveCfg = Release|Any CPU
		{7D39460B-8F6D-47EE-8B2A-250E45025818}.Release|Any CPU.Build.0 = Release|Any CPU
		{9B7B0C02-7263-47B9-A6E2-45FE5F6C2527}.Debug|Any CPU.ActiveCfg = Debug|Any CPU
		{9B7B0C02-7263-47B9-A6E2-45FE5F6C2527}.Debug|Any CPU.Build.0 = Debug|Any CPU
		{9B7B0C02-7263-47B9-A6E2-45FE5F6C2527}.Release|Any CPU.ActiveCfg = Release|Any CPU
		{9B7B0C02-7263-47B9-A6E2-45FE5F6C2527}.Release|Any CPU.Build.0 = Release|Any CPU
		{51A0DD48-86A7-45EA-9243-A95F95881AD4}.Debug|Any CPU.ActiveCfg = Debug|Any CPU
		{51A0DD48-86A7-45EA-9243-A95F95881AD4}.Debug|Any CPU.Build.0 = Debug|Any CPU
		{51A0DD48-86A7-45EA-9243-A95F95881AD4}.Release|Any CPU.ActiveCfg = Release|Any CPU
		{51A0DD48-86A7-45EA-9243-A95F95881AD4}.Release|Any CPU.Build.0 = Release|Any CPU
		{3AF87774-F043-400D-819E-8B45CF7A8EB2}.Debug|Any CPU.ActiveCfg = Debug|Any CPU
		{3AF87774-F043-400D-819E-8B45CF7A8EB2}.Debug|Any CPU.Build.0 = Debug|Any CPU
		{3AF87774-F043-400D-819E-8B45CF7A8EB2}.Release|Any CPU.ActiveCfg = Release|Any CPU
		{3AF87774-F043-400D-819E-8B45CF7A8EB2}.Release|Any CPU.Build.0 = Release|Any CPU
		{99A7D04A-CDB6-4822-9623-ACFA836432FF}.Debug|Any CPU.ActiveCfg = Debug|Any CPU
		{99A7D04A-CDB6-4822-9623-ACFA836432FF}.Debug|Any CPU.Build.0 = Debug|Any CPU
		{99A7D04A-CDB6-4822-9623-ACFA836432FF}.Release|Any CPU.ActiveCfg = Release|Any CPU
		{99A7D04A-CDB6-4822-9623-ACFA836432FF}.Release|Any CPU.Build.0 = Release|Any CPU
		{FE024AD1-2A44-4899-8319-4C112788192C}.Debug|Any CPU.ActiveCfg = Debug|Any CPU
		{FE024AD1-2A44-4899-8319-4C112788192C}.Debug|Any CPU.Build.0 = Debug|Any CPU
		{FE024AD1-2A44-4899-8319-4C112788192C}.Release|Any CPU.ActiveCfg = Release|Any CPU
		{FE024AD1-2A44-4899-8319-4C112788192C}.Release|Any CPU.Build.0 = Release|Any CPU
		{E74D0BC8-6124-4D2C-A095-CEA34C9812F5}.Debug|Any CPU.ActiveCfg = Debug|Any CPU
		{E74D0BC8-6124-4D2C-A095-CEA34C9812F5}.Debug|Any CPU.Build.0 = Debug|Any CPU
		{E74D0BC8-6124-4D2C-A095-CEA34C9812F5}.Release|Any CPU.ActiveCfg = Release|Any CPU
		{E74D0BC8-6124-4D2C-A095-CEA34C9812F5}.Release|Any CPU.Build.0 = Release|Any CPU
		{8C5A4BA8-C9D0-45DE-9BDB-86528B7BFB5D}.Debug|Any CPU.ActiveCfg = Debug|Any CPU
		{8C5A4BA8-C9D0-45DE-9BDB-86528B7BFB5D}.Debug|Any CPU.Build.0 = Debug|Any CPU
		{8C5A4BA8-C9D0-45DE-9BDB-86528B7BFB5D}.Release|Any CPU.ActiveCfg = Release|Any CPU
		{8C5A4BA8-C9D0-45DE-9BDB-86528B7BFB5D}.Release|Any CPU.Build.0 = Release|Any CPU
		{6CEFFA6B-80FE-4E14-9CFE-701E292F4B1C}.Debug|Any CPU.ActiveCfg = Debug|Any CPU
		{6CEFFA6B-80FE-4E14-9CFE-701E292F4B1C}.Debug|Any CPU.Build.0 = Debug|Any CPU
		{6CEFFA6B-80FE-4E14-9CFE-701E292F4B1C}.Release|Any CPU.ActiveCfg = Release|Any CPU
		{6CEFFA6B-80FE-4E14-9CFE-701E292F4B1C}.Release|Any CPU.Build.0 = Release|Any CPU
		{6D6FB307-8B6B-430E-99A6-6C0595AEDAF6}.Debug|Any CPU.ActiveCfg = Debug|Any CPU
		{6D6FB307-8B6B-430E-99A6-6C0595AEDAF6}.Debug|Any CPU.Build.0 = Debug|Any CPU
		{6D6FB307-8B6B-430E-99A6-6C0595AEDAF6}.Release|Any CPU.ActiveCfg = Release|Any CPU
		{6D6FB307-8B6B-430E-99A6-6C0595AEDAF6}.Release|Any CPU.Build.0 = Release|Any CPU
		{348F595A-CD3D-40B4-8025-DC605F883A94}.Debug|Any CPU.ActiveCfg = Debug|Any CPU
		{348F595A-CD3D-40B4-8025-DC605F883A94}.Debug|Any CPU.Build.0 = Debug|Any CPU
		{348F595A-CD3D-40B4-8025-DC605F883A94}.Release|Any CPU.ActiveCfg = Release|Any CPU
		{348F595A-CD3D-40B4-8025-DC605F883A94}.Release|Any CPU.Build.0 = Release|Any CPU
		{9A56C438-4C94-4748-81D6-7635256E466C}.Debug|Any CPU.ActiveCfg = Debug|Any CPU
		{9A56C438-4C94-4748-81D6-7635256E466C}.Debug|Any CPU.Build.0 = Debug|Any CPU
		{9A56C438-4C94-4748-81D6-7635256E466C}.Release|Any CPU.ActiveCfg = Release|Any CPU
		{9A56C438-4C94-4748-81D6-7635256E466C}.Release|Any CPU.Build.0 = Release|Any CPU
		{7CACF546-50E2-4C50-BE82-6610E1A7344A}.Debug|Any CPU.ActiveCfg = Debug|Any CPU
		{7CACF546-50E2-4C50-BE82-6610E1A7344A}.Debug|Any CPU.Build.0 = Debug|Any CPU
		{7CACF546-50E2-4C50-BE82-6610E1A7344A}.Release|Any CPU.ActiveCfg = Release|Any CPU
		{7CACF546-50E2-4C50-BE82-6610E1A7344A}.Release|Any CPU.Build.0 = Release|Any CPU
	EndGlobalSection
	GlobalSection(SolutionProperties) = preSolution
		HideSolutionNode = FALSE
	EndGlobalSection
	GlobalSection(NestedProjects) = preSolution
		{7D39460B-8F6D-47EE-8B2A-250E45025818} = {7C2585E7-09FF-4F95-A709-0E746CDCD0A1}
		{1F03AF2C-0D4C-4DAF-B556-97FA746B063F} = {CDF2AAFD-25B4-4F45-A38A-812F45564B29}
		{5CA5462A-8640-475D-8256-704522BFEE11} = {CDF2AAFD-25B4-4F45-A38A-812F45564B29}
		{3D601BCB-B139-473B-BC7B-0DB79862B1B1} = {CDF2AAFD-25B4-4F45-A38A-812F45564B29}
		{9B7B0C02-7263-47B9-A6E2-45FE5F6C2527} = {3D601BCB-B139-473B-BC7B-0DB79862B1B1}
		{51A0DD48-86A7-45EA-9243-A95F95881AD4} = {3D601BCB-B139-473B-BC7B-0DB79862B1B1}
		{3AF87774-F043-400D-819E-8B45CF7A8EB2} = {3D601BCB-B139-473B-BC7B-0DB79862B1B1}
		{99A7D04A-CDB6-4822-9623-ACFA836432FF} = {5CA5462A-8640-475D-8256-704522BFEE11}
		{FE024AD1-2A44-4899-8319-4C112788192C} = {5CA5462A-8640-475D-8256-704522BFEE11}
		{E74D0BC8-6124-4D2C-A095-CEA34C9812F5} = {5CA5462A-8640-475D-8256-704522BFEE11}
		{8C5A4BA8-C9D0-45DE-9BDB-86528B7BFB5D} = {1F03AF2C-0D4C-4DAF-B556-97FA746B063F}
		{6CEFFA6B-80FE-4E14-9CFE-701E292F4B1C} = {1F03AF2C-0D4C-4DAF-B556-97FA746B063F}
		{6D6FB307-8B6B-430E-99A6-6C0595AEDAF6} = {1F03AF2C-0D4C-4DAF-B556-97FA746B063F}
		{348F595A-CD3D-40B4-8025-DC605F883A94} = {67900920-BBD8-4FC9-B568-50A2E26BD096}
		{9A56C438-4C94-4748-81D6-7635256E466C} = {67900920-BBD8-4FC9-B568-50A2E26BD096}
		{7CACF546-50E2-4C50-BE82-6610E1A7344A} = {67900920-BBD8-4FC9-B568-50A2E26BD096}
	EndGlobalSection
	GlobalSection(ExtensibilityGlobals) = postSolution
		SolutionGuid = {86D9CC02-2F96-47DD-A105-5E3D1F281F20}
	EndGlobalSection
EndGlobal
